PODS:
  - CombineCoreBluetooth (0.3.1)
  - Flutter (1.0.0)
  - integration_test (0.0.1):
    - Flutter
  - permission_handler_apple (9.3.0):
    - Flutter
  - url_launcher_ios (0.0.1):
    - Flutter
  - vital_core_ios (0.0.10):
    - Flutter
    - VitalCore (~> 1.6.2)
  - vital_devices_ios (0.0.10):
    - Flutter
    - VitalDevices (~> 1.6.2)
  - vital_health_ios (0.0.10):
    - Flutter
    - VitalHealthKit (~> 1.6.2)
  - VitalCore (1.6.2):
    - VitalLogging (~> 1.6.2)
  - VitalDevices (1.6.2):
    - CombineCoreBluetooth (~> 0.3.1)
    - VitalCore (~> 1.6.2)
  - VitalHealthKit (1.6.2):
    - VitalCore (~> 1.6.2)
  - VitalLogging (1.6.2)

DEPENDENCIES:
  - Flutter (from `Flutter`)
  - integration_test (from `.symlinks/plugins/integration_test/ios`)
  - permission_handler_apple (from `.symlinks/plugins/permission_handler_apple/ios`)
  - url_launcher_ios (from `.symlinks/plugins/url_launcher_ios/ios`)
  - vital_core_ios (from `.symlinks/plugins/vital_core_ios/ios`)
  - vital_devices_ios (from `.symlinks/plugins/vital_devices_ios/ios`)
  - vital_health_ios (from `.symlinks/plugins/vital_health_ios/ios`)

SPEC REPOS:
  trunk:
    - CombineCoreBluetooth
    - VitalCore
    - VitalDevices
    - VitalHealthKit
    - VitalLogging

EXTERNAL SOURCES:
  Flutter:
    :path: Flutter
  integration_test:
    :path: ".symlinks/plugins/integration_test/ios"
  permission_handler_apple:
    :path: ".symlinks/plugins/permission_handler_apple/ios"
  url_launcher_ios:
    :path: ".symlinks/plugins/url_launcher_ios/ios"
  vital_core_ios:
    :path: ".symlinks/plugins/vital_core_ios/ios"
  vital_devices_ios:
    :path: ".symlinks/plugins/vital_devices_ios/ios"
  vital_health_ios:
    :path: ".symlinks/plugins/vital_health_ios/ios"

SPEC CHECKSUMS:
  CombineCoreBluetooth: 87fc830440fa8b1e1024c35eaa5e116e743c2660
  Flutter: e0871f40cf51350855a761d2e70bf5af5b9b5de7
  integration_test: ce0a3ffa1de96d1a89ca0ac26fca7ea18a749ef4
  permission_handler_apple: 9878588469a2b0d0fc1e048d9f43605f92e6cec2
  url_launcher_ios: 5334b05cef931de560670eeae103fd3e431ac3fe
  vital_core_ios: a73b36bba8661ea50acb6186f92dffd5e805df8b
  vital_devices_ios: ba61a2e57651facfd03b841b3ae8c23e8956df5f
  vital_health_ios: 20526b4faf0256125819abc5d9c2e40b92a4daf0
  VitalCore: 8978b2bc079d30ccd7421fcdefb80c89d0bc32cf
  VitalDevices: 72e544871d1d46112f52ce1b272ae6c3dd0c6836
  VitalHealthKit: 52902e1db4d14f5164000507acd040fca48ac471
  VitalLogging: d3867c4b9ebc2f1d8ea4b440edd5a3abcd2fab15

PODFILE CHECKSUM: f21161b81928bd85faa21a8d8a8be5daa58b7b47

COCOAPODS: 1.16.2
