PODS:
  - CombineCoreBluetooth (0.3.1)
  - Flutter (1.0.0)
  - permission_handler_apple (9.0.4):
    - Flutter
  - url_launcher_ios (0.0.1):
    - Flutter
  - vital_devices_ios (0.0.10):
    - Flutter
    - VitalDevices (~> 0.9.1)
  - vital_health_ios (0.0.10):
    - Flutter
    - VitalHealthKit (~> 0.9.1)
  - VitalCore (0.9.1)
  - VitalDevices (0.9.1):
    - CombineCoreBluetooth (~> 0.3.1)
    - VitalCore (~> 0.9.1)
  - VitalHealthKit (0.9.1):
    - VitalCore (~> 0.9.1)

DEPENDENCIES:
  - Flutter (from `Flutter`)
  - permission_handler_apple (from `.symlinks/plugins/permission_handler_apple/ios`)
  - url_launcher_ios (from `.symlinks/plugins/url_launcher_ios/ios`)
  - vital_devices_ios (from `.symlinks/plugins/vital_devices_ios/ios`)
  - vital_health_ios (from `.symlinks/plugins/vital_health_ios/ios`)

SPEC REPOS:
  trunk:
    - CombineCoreBluetooth
    - VitalCore
    - VitalDevices
    - VitalHealthKit

EXTERNAL SOURCES:
  Flutter:
    :path: Flutter
  permission_handler_apple:
    :path: ".symlinks/plugins/permission_handler_apple/ios"
  url_launcher_ios:
    :path: ".symlinks/plugins/url_launcher_ios/ios"
  vital_devices_ios:
    :path: ".symlinks/plugins/vital_devices_ios/ios"
  vital_health_ios:
    :path: ".symlinks/plugins/vital_health_ios/ios"

SPEC CHECKSUMS:
  CombineCoreBluetooth: 87fc830440fa8b1e1024c35eaa5e116e743c2660
  Flutter: f04841e97a9d0b0a8025694d0796dd46242b2854
  permission_handler_apple: 44366e37eaf29454a1e7b1b7d736c2cceaeb17ce
  url_launcher_ios: 08a3dfac5fb39e8759aeb0abbd5d9480f30fc8b4
  vital_devices_ios: e1d40184c9c93b95fb17f32b77d407d73729bb39
  vital_health_ios: 11373fca3168f357c9ad4f3af9faf1ef2ec57a17
  VitalCore: 38503e349c2019c6503fb1495657efd8e8a2d2de
  VitalDevices: 29578e0c449a224143b930e5341e8639b105048d
  VitalHealthKit: cc5ac6de6ac835a0f743fccc789b3c1c88a0b117

PODFILE CHECKSUM: c5ce1ad99de58717946d57721065d9b56b35f342

COCOAPODS: 1.11.3
